
Microsoft Visual Studio Solution File, Format Version 12.00
# Visual Studio Version 17
VisualStudioVersion = 17.9.34321.82
MinimumVisualStudioVersion = 10.0.40219.1
Project("{2150E333-8FDC-42A3-9474-1A3956D46DE8}") = "Services", "Services", "{41222F1F-EC71-4FA3-8599-1DA4AED2340D}"
EndProject
Project("{2150E333-8FDC-42A3-9474-1A3956D46DE8}") = "Shared", "Shared", "{A462D558-7B17-4DCC-AF85-4D08E012C1DD}"
EndProject
Project("{2150E333-8FDC-42A3-9474-1A3956D46DE8}") = "Identity", "Identity", "{D745968C-846F-4A49-8ED1-E5F61FA08161}"
EndProject
Project("{2150E333-8FDC-42A3-9474-1A3956D46DE8}") = "Gateways", "Gateways", "{2D4C125D-C047-4A5C-9DF4-7FACD99DF56C}"
EndProject
Project("{2150E333-8FDC-42A3-9474-1A3956D46DE8}") = "Frontends", "Frontends", "{8DC7760B-7F96-4A69-B1DD-423A02C722E4}"
EndProject
Project("{2150E333-8FDC-42A3-9474-1A3956D46DE8}") = "Basket", "Basket", "{E0AC4F0F-131F-46B6-A661-B4A6F968D29E}"
EndProject
Project("{2150E333-8FDC-42A3-9474-1A3956D46DE8}") = "Cargo", "Cargo", "{D6C3C3D1-C3CE-4384-BDDC-3B1D7C98C587}"
EndProject
Project("{2150E333-8FDC-42A3-9474-1A3956D46DE8}") = "Comment", "Comment", "{A7D7A1CB-D175-41F4-BC7D-D6CE0D2235D6}"
EndProject
Project("{2150E333-8FDC-42A3-9474-1A3956D46DE8}") = "Catalog", "Catalog", "{03AF4C46-7982-4A8C-878C-B453C331FC7D}"
EndProject
Project("{2150E333-8FDC-42A3-9474-1A3956D46DE8}") = "Discount", "Discount", "{3981545E-739C-4C1F-9E28-4944F325058B}"
EndProject
Project("{2150E333-8FDC-42A3-9474-1A3956D46DE8}") = "Order", "Order", "{5B4C221B-1FF4-4FF1-9788-9928D06D222F}"
EndProject
Project("{2150E333-8FDC-42A3-9474-1A3956D46DE8}") = "Payment", "Payment", "{D10E1204-7249-497F-80B5-7470DFCBF2E4}"
EndProject
Project("{2150E333-8FDC-42A3-9474-1A3956D46DE8}") = "PhotoStock", "PhotoStock", "{CA42B783-1949-4926-B018-7D59CBD779F6}"
EndProject
Project("{9A19103F-16F7-4668-BE54-9A1E7A4F7556}") = "ECommerce.Services.Catalog", "ECommerce.Services.Catalog\ECommerce.Services.Catalog.csproj", "{FFCABC78-2E7A-4C36-BDDB-506C92B78B77}"
EndProject
Project("{9A19103F-16F7-4668-BE54-9A1E7A4F7556}") = "ECommerce.Shared", "ECommerce.Shared\ECommerce.Shared.csproj", "{FAF9F78D-3364-419A-856C-4F19FB98D479}"
EndProject
Project("{2150E333-8FDC-42A3-9474-1A3956D46DE8}") = "Solution Items", "Solution Items", "{A1FA0113-D08D-4679-BC97-5490858EE518}"
	ProjectSection(SolutionItems) = preProject
		.editorconfig = .editorconfig
	EndProjectSection
EndProject
Project("{9A19103F-16F7-4668-BE54-9A1E7A4F7556}") = "Ecommerce.Services.Discount", "Services\Discount\Ecommerce.Services.Discount\Ecommerce.Services.Discount.csproj", "{47A5319A-32BF-4BE7-8922-625D72FFDC8E}"
EndProject
Project("{2150E333-8FDC-42A3-9474-1A3956D46DE8}") = "Core", "Core", "{BA83D983-38C9-4773-9FC7-EE95DB54B595}"
EndProject
Project("{2150E333-8FDC-42A3-9474-1A3956D46DE8}") = "Infrastructure", "Infrastructure", "{943E945F-10F1-4695-884F-9520AEBB0AC5}"
EndProject
Project("{FAE04EC0-301F-11D3-BF4B-00C04F79EFBC}") = "ECommerce.Services.Order.Application", "Services\Order\Core\ECommerce.Services.Order.Application\ECommerce.Services.Order.Application.csproj", "{05BE0C58-207A-416C-8B46-2D7DB2AFA24D}"
EndProject
Project("{FAE04EC0-301F-11D3-BF4B-00C04F79EFBC}") = "ECommerce.Services.Order.Persistance", "Services\Order\Infrastructure\ECommerce.Services.Order.Persistance\ECommerce.Services.Order.Persistance.csproj", "{33B8FE8A-5300-4A97-815B-D3D081DBE920}"
EndProject
Project("{FAE04EC0-301F-11D3-BF4B-00C04F79EFBC}") = "ECommerce.Services.Order.Domain", "Services\Order\Core\ECommerce.Services.Order.Domain\ECommerce.Services.Order.Domain.csproj", "{738306EC-2AE2-4D27-B464-728E1411B4B9}"
EndProject
Project("{2150E333-8FDC-42A3-9474-1A3956D46DE8}") = "Presentation", "Presentation", "{305A7389-A209-4C96-ADE1-C2BB51D2E128}"
EndProject
Project("{FAE04EC0-301F-11D3-BF4B-00C04F79EFBC}") = "ECommerce.Services.Order.WebAPI", "Services\Order\Presentation\ECommerce.Services.Order.WebAPI\ECommerce.Services.Order.WebAPI.csproj", "{5788C599-D0FF-4E4D-801C-9665C812903F}"
EndProject
Global
	GlobalSection(SolutionConfigurationPlatforms) = preSolution
		Debug|Any CPU = Debug|Any CPU
		Release|Any CPU = Release|Any CPU
	EndGlobalSection
	GlobalSection(ProjectConfigurationPlatforms) = postSolution
		{FFCABC78-2E7A-4C36-BDDB-506C92B78B77}.Debug|Any CPU.ActiveCfg = Debug|Any CPU
		{FFCABC78-2E7A-4C36-BDDB-506C92B78B77}.Debug|Any CPU.Build.0 = Debug|Any CPU
		{FFCABC78-2E7A-4C36-BDDB-506C92B78B77}.Release|Any CPU.ActiveCfg = Release|Any CPU
		{FFCABC78-2E7A-4C36-BDDB-506C92B78B77}.Release|Any CPU.Build.0 = Release|Any CPU
		{FAF9F78D-3364-419A-856C-4F19FB98D479}.Debug|Any CPU.ActiveCfg = Debug|Any CPU
		{FAF9F78D-3364-419A-856C-4F19FB98D479}.Debug|Any CPU.Build.0 = Debug|Any CPU
		{FAF9F78D-3364-419A-856C-4F19FB98D479}.Release|Any CPU.ActiveCfg = Release|Any CPU
		{FAF9F78D-3364-419A-856C-4F19FB98D479}.Release|Any CPU.Build.0 = Release|Any CPU
		{47A5319A-32BF-4BE7-8922-625D72FFDC8E}.Debug|Any CPU.ActiveCfg = Debug|Any CPU
		{47A5319A-32BF-4BE7-8922-625D72FFDC8E}.Debug|Any CPU.Build.0 = Debug|Any CPU
		{47A5319A-32BF-4BE7-8922-625D72FFDC8E}.Release|Any CPU.ActiveCfg = Release|Any CPU
		{47A5319A-32BF-4BE7-8922-625D72FFDC8E}.Release|Any CPU.Build.0 = Release|Any CPU
		{05BE0C58-207A-416C-8B46-2D7DB2AFA24D}.Debug|Any CPU.ActiveCfg = Debug|Any CPU
		{05BE0C58-207A-416C-8B46-2D7DB2AFA24D}.Debug|Any CPU.Build.0 = Debug|Any CPU
		{05BE0C58-207A-416C-8B46-2D7DB2AFA24D}.Release|Any CPU.ActiveCfg = Release|Any CPU
		{05BE0C58-207A-416C-8B46-2D7DB2AFA24D}.Release|Any CPU.Build.0 = Release|Any CPU
		{33B8FE8A-5300-4A97-815B-D3D081DBE920}.Debug|Any CPU.ActiveCfg = Debug|Any CPU
		{33B8FE8A-5300-4A97-815B-D3D081DBE920}.Debug|Any CPU.Build.0 = Debug|Any CPU
		{33B8FE8A-5300-4A97-815B-D3D081DBE920}.Release|Any CPU.ActiveCfg = Release|Any CPU
		{33B8FE8A-5300-4A97-815B-D3D081DBE920}.Release|Any CPU.Build.0 = Release|Any CPU
		{738306EC-2AE2-4D27-B464-728E1411B4B9}.Debug|Any CPU.ActiveCfg = Debug|Any CPU
		{738306EC-2AE2-4D27-B464-728E1411B4B9}.Debug|Any CPU.Build.0 = Debug|Any CPU
		{738306EC-2AE2-4D27-B464-728E1411B4B9}.Release|Any CPU.ActiveCfg = Release|Any CPU
		{738306EC-2AE2-4D27-B464-728E1411B4B9}.Release|Any CPU.Build.0 = Release|Any CPU
		{5788C599-D0FF-4E4D-801C-9665C812903F}.Debug|Any CPU.ActiveCfg = Debug|Any CPU
		{5788C599-D0FF-4E4D-801C-9665C812903F}.Debug|Any CPU.Build.0 = Debug|Any CPU
		{5788C599-D0FF-4E4D-801C-9665C812903F}.Release|Any CPU.ActiveCfg = Release|Any CPU
		{5788C599-D0FF-4E4D-801C-9665C812903F}.Release|Any CPU.Build.0 = Release|Any CPU
	EndGlobalSection
	GlobalSection(SolutionProperties) = preSolution
		HideSolutionNode = FALSE
	EndGlobalSection
	GlobalSection(NestedProjects) = preSolution
		{E0AC4F0F-131F-46B6-A661-B4A6F968D29E} = {41222F1F-EC71-4FA3-8599-1DA4AED2340D}
		{D6C3C3D1-C3CE-4384-BDDC-3B1D7C98C587} = {41222F1F-EC71-4FA3-8599-1DA4AED2340D}
		{A7D7A1CB-D175-41F4-BC7D-D6CE0D2235D6} = {41222F1F-EC71-4FA3-8599-1DA4AED2340D}
		{03AF4C46-7982-4A8C-878C-B453C331FC7D} = {41222F1F-EC71-4FA3-8599-1DA4AED2340D}
		{3981545E-739C-4C1F-9E28-4944F325058B} = {41222F1F-EC71-4FA3-8599-1DA4AED2340D}
		{5B4C221B-1FF4-4FF1-9788-9928D06D222F} = {41222F1F-EC71-4FA3-8599-1DA4AED2340D}
		{D10E1204-7249-497F-80B5-7470DFCBF2E4} = {41222F1F-EC71-4FA3-8599-1DA4AED2340D}
		{CA42B783-1949-4926-B018-7D59CBD779F6} = {41222F1F-EC71-4FA3-8599-1DA4AED2340D}
		{FFCABC78-2E7A-4C36-BDDB-506C92B78B77} = {03AF4C46-7982-4A8C-878C-B453C331FC7D}
		{FAF9F78D-3364-419A-856C-4F19FB98D479} = {A462D558-7B17-4DCC-AF85-4D08E012C1DD}
		{47A5319A-32BF-4BE7-8922-625D72FFDC8E} = {3981545E-739C-4C1F-9E28-4944F325058B}
		{BA83D983-38C9-4773-9FC7-EE95DB54B595} = {5B4C221B-1FF4-4FF1-9788-9928D06D222F}
		{943E945F-10F1-4695-884F-9520AEBB0AC5} = {5B4C221B-1FF4-4FF1-9788-9928D06D222F}
		{05BE0C58-207A-416C-8B46-2D7DB2AFA24D} = {BA83D983-38C9-4773-9FC7-EE95DB54B595}
		{33B8FE8A-5300-4A97-815B-D3D081DBE920} = {943E945F-10F1-4695-884F-9520AEBB0AC5}
		{738306EC-2AE2-4D27-B464-728E1411B4B9} = {BA83D983-38C9-4773-9FC7-EE95DB54B595}
		{305A7389-A209-4C96-ADE1-C2BB51D2E128} = {5B4C221B-1FF4-4FF1-9788-9928D06D222F}
		{5788C599-D0FF-4E4D-801C-9665C812903F} = {305A7389-A209-4C96-ADE1-C2BB51D2E128}
	EndGlobalSection
	GlobalSection(ExtensibilityGlobals) = postSolution
		SolutionGuid = {E3DC5E6A-345F-4F1E-AD56-80565E3D3310}
	EndGlobalSection
EndGlobal
